
Microsoft Visual Studio Solution File, Format Version 12.00
# Visual Studio Version 17
VisualStudioVersion = 17.3.32929.385
MinimumVisualStudioVersion = 10.0.40219.1
Project("{2150E333-8FDC-42A3-9474-1A3956D46DE8}") = "FrotaApp.API", "FrotaApp.API", "{8E4F4895-0913-4B27-BE82-6DBFF0A1A8A5}"
EndProject
Project("{2150E333-8FDC-42A3-9474-1A3956D46DE8}") = "FrotaApp.Domain", "FrotaApp.Domain", "{3EEF103B-620A-4E8E-B26A-AB795C122E98}"
EndProject
Project("{9A19103F-16F7-4668-BE54-9A1E7A4F7556}") = "FrotaApp.API", "FrotaApp.API\FrotaApp.API.csproj", "{CAF7D679-EF6A-49DB-A3D8-CDB2A377EAB9}"
EndProject
Project("{9A19103F-16F7-4668-BE54-9A1E7A4F7556}") = "FrotaApp.Domain", "FrotaApp.Domain\FrotaApp.Domain.csproj", "{92B7C780-6806-4E55-B1E0-0F1279A6AF8A}"
EndProject
Project("{2150E333-8FDC-42A3-9474-1A3956D46DE8}") = "FrotaApp.Infra", "FrotaApp.Infra", "{59F93FAD-2C47-47BA-A270-8DB5C1DEBAF1}"
EndProject
Project("{9A19103F-16F7-4668-BE54-9A1E7A4F7556}") = "FrotaApp.Data", "FrotaApp.Data\FrotaApp.Data.csproj", "{2347DA30-3BAF-443B-830F-F22C876C52EA}"
EndProject
Project("{2150E333-8FDC-42A3-9474-1A3956D46DE8}") = "FrotaApp.Application", "FrotaApp.Application", "{F972FF4E-A488-4BA4-A484-AAAD183FAA67}"
EndProject
Project("{9A19103F-16F7-4668-BE54-9A1E7A4F7556}") = "FrotaApp.Application.Output", "FrotaApp.Application\FrotaApp.Application.Output\FrotaApp.Application.Output.csproj", "{C3334500-DA39-4CE4-B746-6E8DA4A89918}"
EndProject
Project("{9A19103F-16F7-4668-BE54-9A1E7A4F7556}") = "FrotaApp.Application.Input", "FrotaApp.Application\FrotaApp.Application.Input\FrotaApp.Application.Input.csproj", "{98592E2D-9D95-4085-9BED-9CDD53B3110F}"
EndProject
Project("{FAE04EC0-301F-11D3-BF4B-00C04F79EFBC}") = "FrotaApp.Infrastructure.Input", "FrotaApp.Infrastructure\FrotaApp.Infrastructure.Input\FrotaApp.Infrastructure.Input.csproj", "{E0A7DBFD-A75A-4EE3-AC92-99E80BBAF506}"
EndProject
Global
	GlobalSection(SolutionConfigurationPlatforms) = preSolution
		Debug|Any CPU = Debug|Any CPU
		Release|Any CPU = Release|Any CPU
	EndGlobalSection
	GlobalSection(ProjectConfigurationPlatforms) = postSolution
		{CAF7D679-EF6A-49DB-A3D8-CDB2A377EAB9}.Debug|Any CPU.ActiveCfg = Debug|Any CPU
		{CAF7D679-EF6A-49DB-A3D8-CDB2A377EAB9}.Debug|Any CPU.Build.0 = Debug|Any CPU
		{CAF7D679-EF6A-49DB-A3D8-CDB2A377EAB9}.Release|Any CPU.ActiveCfg = Release|Any CPU
		{CAF7D679-EF6A-49DB-A3D8-CDB2A377EAB9}.Release|Any CPU.Build.0 = Release|Any CPU
		{92B7C780-6806-4E55-B1E0-0F1279A6AF8A}.Debug|Any CPU.ActiveCfg = Debug|Any CPU
		{92B7C780-6806-4E55-B1E0-0F1279A6AF8A}.Debug|Any CPU.Build.0 = Debug|Any CPU
		{92B7C780-6806-4E55-B1E0-0F1279A6AF8A}.Release|Any CPU.ActiveCfg = Release|Any CPU
		{92B7C780-6806-4E55-B1E0-0F1279A6AF8A}.Release|Any CPU.Build.0 = Release|Any CPU
		{2347DA30-3BAF-443B-830F-F22C876C52EA}.Debug|Any CPU.ActiveCfg = Debug|Any CPU
		{2347DA30-3BAF-443B-830F-F22C876C52EA}.Debug|Any CPU.Build.0 = Debug|Any CPU
		{2347DA30-3BAF-443B-830F-F22C876C52EA}.Release|Any CPU.ActiveCfg = Release|Any CPU
		{2347DA30-3BAF-443B-830F-F22C876C52EA}.Release|Any CPU.Build.0 = Release|Any CPU
		{C3334500-DA39-4CE4-B746-6E8DA4A89918}.Debug|Any CPU.ActiveCfg = Debug|Any CPU
		{C3334500-DA39-4CE4-B746-6E8DA4A89918}.Debug|Any CPU.Build.0 = Debug|Any CPU
		{C3334500-DA39-4CE4-B746-6E8DA4A89918}.Release|Any CPU.ActiveCfg = Release|Any CPU
		{C3334500-DA39-4CE4-B746-6E8DA4A89918}.Release|Any CPU.Build.0 = Release|Any CPU
		{98592E2D-9D95-4085-9BED-9CDD53B3110F}.Debug|Any CPU.ActiveCfg = Debug|Any CPU
		{98592E2D-9D95-4085-9BED-9CDD53B3110F}.Debug|Any CPU.Build.0 = Debug|Any CPU
		{98592E2D-9D95-4085-9BED-9CDD53B3110F}.Release|Any CPU.ActiveCfg = Release|Any CPU
		{98592E2D-9D95-4085-9BED-9CDD53B3110F}.Release|Any CPU.Build.0 = Release|Any CPU
		{E0A7DBFD-A75A-4EE3-AC92-99E80BBAF506}.Debug|Any CPU.ActiveCfg = Debug|Any CPU
		{E0A7DBFD-A75A-4EE3-AC92-99E80BBAF506}.Debug|Any CPU.Build.0 = Debug|Any CPU
		{E0A7DBFD-A75A-4EE3-AC92-99E80BBAF506}.Release|Any CPU.ActiveCfg = Release|Any CPU
		{E0A7DBFD-A75A-4EE3-AC92-99E80BBAF506}.Release|Any CPU.Build.0 = Release|Any CPU
	EndGlobalSection
	GlobalSection(SolutionProperties) = preSolution
		HideSolutionNode = FALSE
	EndGlobalSection
	GlobalSection(NestedProjects) = preSolution
		{CAF7D679-EF6A-49DB-A3D8-CDB2A377EAB9} = {8E4F4895-0913-4B27-BE82-6DBFF0A1A8A5}
		{92B7C780-6806-4E55-B1E0-0F1279A6AF8A} = {3EEF103B-620A-4E8E-B26A-AB795C122E98}
		{2347DA30-3BAF-443B-830F-F22C876C52EA} = {59F93FAD-2C47-47BA-A270-8DB5C1DEBAF1}
		{C3334500-DA39-4CE4-B746-6E8DA4A89918} = {F972FF4E-A488-4BA4-A484-AAAD183FAA67}
		{98592E2D-9D95-4085-9BED-9CDD53B3110F} = {F972FF4E-A488-4BA4-A484-AAAD183FAA67}
		{E0A7DBFD-A75A-4EE3-AC92-99E80BBAF506} = {59F93FAD-2C47-47BA-A270-8DB5C1DEBAF1}
	EndGlobalSection
	GlobalSection(ExtensibilityGlobals) = postSolution
		SolutionGuid = {520AE6A0-6056-4BAF-9AA2-F6F00929818E}
	EndGlobalSection
EndGlobal
